// !$*UTF8*$!
{
	archiveVersion = 1;
	classes = {
	};
	objectVersion = 50;
	objects = {

/* Begin PBXBuildFile section */
		490D946D219842BB00DAE837 /* HomeMainViewController.swift in Sources */ = {isa = PBXBuildFile; fileRef = 490D946C219842BB00DAE837 /* HomeMainViewController.swift */; };
		490D946F2198431300DAE837 /* HomeHotKeywordViewController.swift in Sources */ = {isa = PBXBuildFile; fileRef = 490D946E2198431300DAE837 /* HomeHotKeywordViewController.swift */; };
		490D947B21996CE900DAE837 /* HotKeywordTableViewCell.swift in Sources */ = {isa = PBXBuildFile; fileRef = 490D947921996CE900DAE837 /* HotKeywordTableViewCell.swift */; };
		490D947C21996CE900DAE837 /* HotKeywordTableViewCell.xib in Resources */ = {isa = PBXBuildFile; fileRef = 490D947A21996CE900DAE837 /* HotKeywordTableViewCell.xib */; };
		490D947F21996F5200DAE837 /* HomeItemsTableViewCell.swift in Sources */ = {isa = PBXBuildFile; fileRef = 490D947D21996F5200DAE837 /* HomeItemsTableViewCell.swift */; };
		490D948021996F5200DAE837 /* HomeItemsTableViewCell.xib in Resources */ = {isa = PBXBuildFile; fileRef = 490D947E21996F5200DAE837 /* HomeItemsTableViewCell.xib */; };
		490D9483219971AC00DAE837 /* HotKeywordCollectionViewCell.swift in Sources */ = {isa = PBXBuildFile; fileRef = 490D9481219971AC00DAE837 /* HotKeywordCollectionViewCell.swift */; };
		490D9484219971AC00DAE837 /* HotKeywordCollectionViewCell.xib in Resources */ = {isa = PBXBuildFile; fileRef = 490D9482219971AC00DAE837 /* HotKeywordCollectionViewCell.xib */; };
		490D9488219981BA00DAE837 /* UIViewController+NavigationBar.swift in Sources */ = {isa = PBXBuildFile; fileRef = 490D9487219981BA00DAE837 /* UIViewController+NavigationBar.swift */; };
		490D948A219982FC00DAE837 /* UIView+Shadow.swift in Sources */ = {isa = PBXBuildFile; fileRef = 490D9489219982FC00DAE837 /* UIView+Shadow.swift */; };
		490D948C21998C6400DAE837 /* HotKeywordHeaderTableViewCell.swift in Sources */ = {isa = PBXBuildFile; fileRef = 490D948B21998C6400DAE837 /* HotKeywordHeaderTableViewCell.swift */; };
		490D9491219A4CCA00DAE837 /* HotKeywordListTableViewCell.swift in Sources */ = {isa = PBXBuildFile; fileRef = 490D948F219A4CCA00DAE837 /* HotKeywordListTableViewCell.swift */; };
		490D9492219A4CCA00DAE837 /* HotKeywordListTableViewCell.xib in Resources */ = {isa = PBXBuildFile; fileRef = 490D9490219A4CCA00DAE837 /* HotKeywordListTableViewCell.xib */; };
		490D9494219A4ED200DAE837 /* CollectionView+Tlend.swift in Sources */ = {isa = PBXBuildFile; fileRef = 490D9493219A4ED200DAE837 /* CollectionView+Tlend.swift */; };
		490D9496219A583700DAE837 /* Search.storyboard in Resources */ = {isa = PBXBuildFile; fileRef = 490D9495219A583700DAE837 /* Search.storyboard */; };
		490D949B219A696100DAE837 /* SearchViewController.swift in Sources */ = {isa = PBXBuildFile; fileRef = 490D949A219A696100DAE837 /* SearchViewController.swift */; };
		490D949E219A796200DAE837 /* SearchResultViewController.swift in Sources */ = {isa = PBXBuildFile; fileRef = 490D949D219A796200DAE837 /* SearchResultViewController.swift */; };
		49202C59219DBEA4005286E2 /* MyStarImageCollectionViewCell.swift in Sources */ = {isa = PBXBuildFile; fileRef = 49202C57219DBEA4005286E2 /* MyStarImageCollectionViewCell.swift */; };
		49202C5A219DBEA4005286E2 /* MyStarImageCollectionViewCell.xib in Resources */ = {isa = PBXBuildFile; fileRef = 49202C58219DBEA4005286E2 /* MyStarImageCollectionViewCell.xib */; };
		49202C5D219DC4D4005286E2 /* SelectedMyStarViewController.swift in Sources */ = {isa = PBXBuildFile; fileRef = 49202C5C219DC4D4005286E2 /* SelectedMyStarViewController.swift */; };
		49202C5F219DC4E8005286E2 /* SearchStarCollectionViewCell.swift in Sources */ = {isa = PBXBuildFile; fileRef = 49202C5E219DC4E8005286E2 /* SearchStarCollectionViewCell.swift */; };
		49202C65219E8D67005286E2 /* MyStarHomeTitleTableViewCell.swift in Sources */ = {isa = PBXBuildFile; fileRef = 49202C63219E8D67005286E2 /* MyStarHomeTitleTableViewCell.swift */; };
		49202C66219E8D67005286E2 /* MyStarHomeTitleTableViewCell.xib in Resources */ = {isa = PBXBuildFile; fileRef = 49202C64219E8D67005286E2 /* MyStarHomeTitleTableViewCell.xib */; };
		49202C69219E8DFE005286E2 /* MyStarListTableViewCell.swift in Sources */ = {isa = PBXBuildFile; fileRef = 49202C67219E8DFE005286E2 /* MyStarListTableViewCell.swift */; };
		49202C6A219E8DFE005286E2 /* MyStarListTableViewCell.xib in Resources */ = {isa = PBXBuildFile; fileRef = 49202C68219E8DFE005286E2 /* MyStarListTableViewCell.xib */; };
		49202C73219E9134005286E2 /* TrendRankingTableViewCell.swift in Sources */ = {isa = PBXBuildFile; fileRef = 49202C71219E9134005286E2 /* TrendRankingTableViewCell.swift */; };
		49202C74219E9134005286E2 /* TrendRankingTableViewCell.xib in Resources */ = {isa = PBXBuildFile; fileRef = 49202C72219E9134005286E2 /* TrendRankingTableViewCell.xib */; };
		4942C0B9219F2C0C00A431A6 /* DetailInfoViewController.swift in Sources */ = {isa = PBXBuildFile; fileRef = 4942C0B8219F2C0C00A431A6 /* DetailInfoViewController.swift */; };
		4942C0BC219F2CA800A431A6 /* DetailHeaderImageCollectionViewCell.swift in Sources */ = {isa = PBXBuildFile; fileRef = 4942C0BA219F2CA800A431A6 /* DetailHeaderImageCollectionViewCell.swift */; };
		4942C0BD219F2CA800A431A6 /* DetailHeaderImageCollectionViewCell.xib in Resources */ = {isa = PBXBuildFile; fileRef = 4942C0BB219F2CA800A431A6 /* DetailHeaderImageCollectionViewCell.xib */; };
		4942C0C0219F2FCF00A431A6 /* DetailInfoTableViewCell.swift in Sources */ = {isa = PBXBuildFile; fileRef = 4942C0BE219F2FCF00A431A6 /* DetailInfoTableViewCell.swift */; };
		4942C0C1219F2FCF00A431A6 /* DetailInfoTableViewCell.xib in Resources */ = {isa = PBXBuildFile; fileRef = 4942C0BF219F2FCF00A431A6 /* DetailInfoTableViewCell.xib */; };
		4942C0C5219FF27C00A431A6 /* DetailInfoImageTableViewCell.swift in Sources */ = {isa = PBXBuildFile; fileRef = 4942C0C3219FF27C00A431A6 /* DetailInfoImageTableViewCell.swift */; };
		4942C0C6219FF27C00A431A6 /* DetailInfoImageTableViewCell.xib in Resources */ = {isa = PBXBuildFile; fileRef = 4942C0C4219FF27C00A431A6 /* DetailInfoImageTableViewCell.xib */; };
		499EDC6D2197E85C0088D7A8 /* AppDelegate.swift in Sources */ = {isa = PBXBuildFile; fileRef = 499EDC6C2197E85C0088D7A8 /* AppDelegate.swift */; };
		499EDC722197E85C0088D7A8 /* Main.storyboard in Resources */ = {isa = PBXBuildFile; fileRef = 499EDC702197E85C0088D7A8 /* Main.storyboard */; };
		499EDC742197E85D0088D7A8 /* Assets.xcassets in Resources */ = {isa = PBXBuildFile; fileRef = 499EDC732197E85D0088D7A8 /* Assets.xcassets */; };
		499EDC772197E85D0088D7A8 /* LaunchScreen.storyboard in Resources */ = {isa = PBXBuildFile; fileRef = 499EDC752197E85D0088D7A8 /* LaunchScreen.storyboard */; };
		499EDC8F2197ECA90088D7A8 /* Home.storyboard in Resources */ = {isa = PBXBuildFile; fileRef = 499EDC8E2197ECA90088D7A8 /* Home.storyboard */; };
		499EDC912197ECB40088D7A8 /* Support.storyboard in Resources */ = {isa = PBXBuildFile; fileRef = 499EDC902197ECB40088D7A8 /* Support.storyboard */; };
		499EDC932197ECBC0088D7A8 /* Reward.storyboard in Resources */ = {isa = PBXBuildFile; fileRef = 499EDC922197ECBC0088D7A8 /* Reward.storyboard */; };
		499EDC952197ECC20088D7A8 /* More.storyboard in Resources */ = {isa = PBXBuildFile; fileRef = 499EDC942197ECC20088D7A8 /* More.storyboard */; };
		49A760AC219E92440007DB48 /* PopularContentsTableViewCell.swift in Sources */ = {isa = PBXBuildFile; fileRef = 49A760AA219E92440007DB48 /* PopularContentsTableViewCell.swift */; };
		49A760AD219E92440007DB48 /* PopularContentsTableViewCell.xib in Resources */ = {isa = PBXBuildFile; fileRef = 49A760AB219E92440007DB48 /* PopularContentsTableViewCell.xib */; };
		49A760B0219E96E50007DB48 /* MyStarHomeFooterTableViewCell.swift in Sources */ = {isa = PBXBuildFile; fileRef = 49A760AE219E96E50007DB48 /* MyStarHomeFooterTableViewCell.swift */; };
		49A760B1219E96E50007DB48 /* MyStarHomeFooterTableViewCell.xib in Resources */ = {isa = PBXBuildFile; fileRef = 49A760AF219E96E50007DB48 /* MyStarHomeFooterTableViewCell.xib */; };
		49A760B3219E97510007DB48 /* MyStarHomeViewController.swift in Sources */ = {isa = PBXBuildFile; fileRef = 49A760B2219E97510007DB48 /* MyStarHomeViewController.swift */; };
		49A760B6219EB7730007DB48 /* MyStarMemberListTableViewCell.swift in Sources */ = {isa = PBXBuildFile; fileRef = 49A760B4219EB7730007DB48 /* MyStarMemberListTableViewCell.swift */; };
		49A760B7219EB7730007DB48 /* MyStarMemberListTableViewCell.xib in Resources */ = {isa = PBXBuildFile; fileRef = 49A760B5219EB7730007DB48 /* MyStarMemberListTableViewCell.xib */; };
		49A760BA219EBD2A0007DB48 /* MyStarFeedTableViewCell.swift in Sources */ = {isa = PBXBuildFile; fileRef = 49A760B8219EBD2A0007DB48 /* MyStarFeedTableViewCell.swift */; };
		49A760BB219EBD2A0007DB48 /* MyStarFeedTableViewCell.xib in Resources */ = {isa = PBXBuildFile; fileRef = 49A760B9219EBD2A0007DB48 /* MyStarFeedTableViewCell.xib */; };
		49A760BE219EC2950007DB48 /* CircleView.swift in Sources */ = {isa = PBXBuildFile; fileRef = 49A760BD219EC2950007DB48 /* CircleView.swift */; };
		49A760C0219F1E240007DB48 /* Detail.storyboard in Resources */ = {isa = PBXBuildFile; fileRef = 49A760BF219F1E240007DB48 /* Detail.storyboard */; };
		49A760C4219F20A90007DB48 /* DetailHeaderTableViewCell.swift in Sources */ = {isa = PBXBuildFile; fileRef = 49A760C2219F20A90007DB48 /* DetailHeaderTableViewCell.swift */; };
		49A760C5219F20A90007DB48 /* DetailHeaderTableViewCell.xib in Resources */ = {isa = PBXBuildFile; fileRef = 49A760C3219F20A90007DB48 /* DetailHeaderTableViewCell.xib */; };
		49A760C8219F231D0007DB48 /* ShareAndSaveButtonTableViewCell.swift in Sources */ = {isa = PBXBuildFile; fileRef = 49A760C6219F231D0007DB48 /* ShareAndSaveButtonTableViewCell.swift */; };
		49A760C9219F231D0007DB48 /* ShareAndSaveButtonTableViewCell.xib in Resources */ = {isa = PBXBuildFile; fileRef = 49A760C7219F231D0007DB48 /* ShareAndSaveButtonTableViewCell.xib */; };
		49A760CC219F24E70007DB48 /* FundingInfoTableViewCell.swift in Sources */ = {isa = PBXBuildFile; fileRef = 49A760CA219F24E70007DB48 /* FundingInfoTableViewCell.swift */; };
		49A760CD219F24E70007DB48 /* FundingInfoTableViewCell.xib in Resources */ = {isa = PBXBuildFile; fileRef = 49A760CB219F24E70007DB48 /* FundingInfoTableViewCell.xib */; };
		49A760D0219F28890007DB48 /* InfoMenuHeaderView.swift in Sources */ = {isa = PBXBuildFile; fileRef = 49A760CE219F28890007DB48 /* InfoMenuHeaderView.swift */; };
		49A760D1219F28890007DB48 /* InfoMenuHeaderView.xib in Resources */ = {isa = PBXBuildFile; fileRef = 49A760CF219F28890007DB48 /* InfoMenuHeaderView.xib */; };
		49FFB9E321A0749400F40ABC /* ChoiceFundingViewController.swift in Sources */ = {isa = PBXBuildFile; fileRef = 49FFB9E221A0749400F40ABC /* ChoiceFundingViewController.swift */; };
		49FFB9E521A0755000F40ABC /* ChoiceOptionTableViewCell.swift in Sources */ = {isa = PBXBuildFile; fileRef = 49FFB9E421A0755000F40ABC /* ChoiceOptionTableViewCell.swift */; };
		49FFB9E721A0755A00F40ABC /* OptionTableViewCell.swift in Sources */ = {isa = PBXBuildFile; fileRef = 49FFB9E621A0755A00F40ABC /* OptionTableViewCell.swift */; };
		49FFB9E921A0756B00F40ABC /* SelectedOptionTableViewCell.swift in Sources */ = {isa = PBXBuildFile; fileRef = 49FFB9E821A0756B00F40ABC /* SelectedOptionTableViewCell.swift */; };
		49FFB9EB21A0761100F40ABC /* TotalAmountTableViewCell.swift in Sources */ = {isa = PBXBuildFile; fileRef = 49FFB9EA21A0761100F40ABC /* TotalAmountTableViewCell.swift */; };
		70C2B28376D9880DECBEA354 /* Pods_Tlend.framework in Frameworks */ = {isa = PBXBuildFile; fileRef = 515C28C28C39821D1A718EFA /* Pods_Tlend.framework */; };
		BA3DF96221982A3D00B1D42C /* FormCheckTableViewCell.swift in Sources */ = {isa = PBXBuildFile; fileRef = BA3DF96021982A3D00B1D42C /* FormCheckTableViewCell.swift */; };
		BA3DF96321982A3D00B1D42C /* FormCheckTableViewCell.xib in Resources */ = {isa = PBXBuildFile; fileRef = BA3DF96121982A3D00B1D42C /* FormCheckTableViewCell.xib */; };
		BA3DF96821982C3C00B1D42C /* StartFormViewController.swift in Sources */ = {isa = PBXBuildFile; fileRef = BA3DF96721982C3C00B1D42C /* StartFormViewController.swift */; };
		BA3DF96A21982CA700B1D42C /* FundingKindViewController.swift in Sources */ = {isa = PBXBuildFile; fileRef = BA3DF96921982CA700B1D42C /* FundingKindViewController.swift */; };
		BA3DF96C2198306600B1D42C /* TableView+Tlend.swift in Sources */ = {isa = PBXBuildFile; fileRef = BA3DF96B2198306600B1D42C /* TableView+Tlend.swift */; };
		BA3DF9702198320F00B1D42C /* UIStoryboard+Tlend.swift in Sources */ = {isa = PBXBuildFile; fileRef = BA3DF96F2198320F00B1D42C /* UIStoryboard+Tlend.swift */; };
		BA3DF972219842E600B1D42C /* StockCategoryViewController.swift in Sources */ = {isa = PBXBuildFile; fileRef = BA3DF971219842E600B1D42C /* StockCategoryViewController.swift */; };
		BA608EEC219DADD700A3B5F0 /* IdolSupportViewController.swift in Sources */ = {isa = PBXBuildFile; fileRef = BA608EEB219DADD700A3B5F0 /* IdolSupportViewController.swift */; };
		BA608EEF219DAE6400A3B5F0 /* IdolHeaderView.swift in Sources */ = {isa = PBXBuildFile; fileRef = BA608EEE219DAE6400A3B5F0 /* IdolHeaderView.swift */; };
		BA608EF1219DAE8B00A3B5F0 /* IdolHeaderView.xib in Resources */ = {isa = PBXBuildFile; fileRef = BA608EF0219DAE8B00A3B5F0 /* IdolHeaderView.xib */; };
		BA608EF3219DAF4C00A3B5F0 /* IdolItemTableViewCell.swift in Sources */ = {isa = PBXBuildFile; fileRef = BA608EF2219DAF4C00A3B5F0 /* IdolItemTableViewCell.swift */; };
		BA608EF5219DAF5B00A3B5F0 /* IdolItemTableViewCell.xib in Resources */ = {isa = PBXBuildFile; fileRef = BA608EF4219DAF5B00A3B5F0 /* IdolItemTableViewCell.xib */; };
		BA608EF7219DB1D000A3B5F0 /* UIColor+Tlend.swift in Sources */ = {isa = PBXBuildFile; fileRef = BA608EF6219DB1D000A3B5F0 /* UIColor+Tlend.swift */; };
		BA608EFA219DB34F00A3B5F0 /* IdolInfoTableViewCell.swift in Sources */ = {isa = PBXBuildFile; fileRef = BA608EF8219DB34F00A3B5F0 /* IdolInfoTableViewCell.swift */; };
		BA608EFB219DB34F00A3B5F0 /* IdolInfoTableViewCell.xib in Resources */ = {isa = PBXBuildFile; fileRef = BA608EF9219DB34F00A3B5F0 /* IdolInfoTableViewCell.xib */; };
		BA608EFD219DBC6000A3B5F0 /* UIView+Xib.swift in Sources */ = {isa = PBXBuildFile; fileRef = BA608EFC219DBC6000A3B5F0 /* UIView+Xib.swift */; };
		BA608EFF219DC1B400A3B5F0 /* UIView+Tlend.swift in Sources */ = {isa = PBXBuildFile; fileRef = BA608EFE219DC1B400A3B5F0 /* UIView+Tlend.swift */; };
		BA608F01219DC3C700A3B5F0 /* IdolRewardViewController.swift in Sources */ = {isa = PBXBuildFile; fileRef = BA608F00219DC3C700A3B5F0 /* IdolRewardViewController.swift */; };
		BA608F03219DC62200A3B5F0 /* IdolMoreViewController.swift in Sources */ = {isa = PBXBuildFile; fileRef = BA608F02219DC62200A3B5F0 /* IdolMoreViewController.swift */; };
		BA608F05219DC62E00A3B5F0 /* MoreTableViewCell.swift in Sources */ = {isa = PBXBuildFile; fileRef = BA608F04219DC62E00A3B5F0 /* MoreTableViewCell.swift */; };
		BA608F07219DCF2900A3B5F0 /* Sign.storyboard in Resources */ = {isa = PBXBuildFile; fileRef = BA608F06219DCF2900A3B5F0 /* Sign.storyboard */; };
		BA608F0A219DD1EC00A3B5F0 /* SignInViewController.swift in Sources */ = {isa = PBXBuildFile; fileRef = BA608F09219DD1EC00A3B5F0 /* SignInViewController.swift */; };
		BA87B9C2219FF73F001E7D16 /* SignUpViewController.swift in Sources */ = {isa = PBXBuildFile; fileRef = BA87B9C1219FF73F001E7D16 /* SignUpViewController.swift */; };
		BA87B9C521A12DD7001E7D16 /* DialogViewController.swift in Sources */ = {isa = PBXBuildFile; fileRef = BA87B9C421A12DD7001E7D16 /* DialogViewController.swift */; };
		BA87B9CA21A130DF001E7D16 /* TDialogView.swift in Sources */ = {isa = PBXBuildFile; fileRef = BA87B9C921A130DF001E7D16 /* TDialogView.swift */; };
		BA87B9CC21A130EF001E7D16 /* TDialogView.xib in Resources */ = {isa = PBXBuildFile; fileRef = BA87B9CB21A130EF001E7D16 /* TDialogView.xib */; };
		BA87B9D121A157DE001E7D16 /* IdolProductHeaderCellTableViewCell.swift in Sources */ = {isa = PBXBuildFile; fileRef = BA87B9CF21A157DE001E7D16 /* IdolProductHeaderCellTableViewCell.swift */; };
		BA87B9D221A157DE001E7D16 /* IdolProductHeaderCellTableViewCell.xib in Resources */ = {isa = PBXBuildFile; fileRef = BA87B9D021A157DE001E7D16 /* IdolProductHeaderCellTableViewCell.xib */; };
		BAFEFEAE2198239F00E39F15 /* Form.storyboard in Resources */ = {isa = PBXBuildFile; fileRef = BAFEFEAD2198239F00E39F15 /* Form.storyboard */; };
/* End PBXBuildFile section */

/* Begin PBXFileReference section */
		18787935DDB8D450B2984C6C /* Pods-Tlend.debug.xcconfig */ = {isa = PBXFileReference; includeInIndex = 1; lastKnownFileType = text.xcconfig; name = "Pods-Tlend.debug.xcconfig"; path = "Pods/Target Support Files/Pods-Tlend/Pods-Tlend.debug.xcconfig"; sourceTree = "<group>"; };
		197B4B4716FDCB2915466B01 /* Pods-Tlend.release.xcconfig */ = {isa = PBXFileReference; includeInIndex = 1; lastKnownFileType = text.xcconfig; name = "Pods-Tlend.release.xcconfig"; path = "Pods/Target Support Files/Pods-Tlend/Pods-Tlend.release.xcconfig"; sourceTree = "<group>"; };
		490D946C219842BB00DAE837 /* HomeMainViewController.swift */ = {isa = PBXFileReference; lastKnownFileType = sourcecode.swift; path = HomeMainViewController.swift; sourceTree = "<group>"; };
		490D946E2198431300DAE837 /* HomeHotKeywordViewController.swift */ = {isa = PBXFileReference; lastKnownFileType = sourcecode.swift; path = HomeHotKeywordViewController.swift; sourceTree = "<group>"; };
		490D947921996CE900DAE837 /* HotKeywordTableViewCell.swift */ = {isa = PBXFileReference; lastKnownFileType = sourcecode.swift; path = HotKeywordTableViewCell.swift; sourceTree = "<group>"; };
		490D947A21996CE900DAE837 /* HotKeywordTableViewCell.xib */ = {isa = PBXFileReference; lastKnownFileType = file.xib; path = HotKeywordTableViewCell.xib; sourceTree = "<group>"; };
		490D947D21996F5200DAE837 /* HomeItemsTableViewCell.swift */ = {isa = PBXFileReference; lastKnownFileType = sourcecode.swift; path = HomeItemsTableViewCell.swift; sourceTree = "<group>"; };
		490D947E21996F5200DAE837 /* HomeItemsTableViewCell.xib */ = {isa = PBXFileReference; lastKnownFileType = file.xib; path = HomeItemsTableViewCell.xib; sourceTree = "<group>"; };
		490D9481219971AC00DAE837 /* HotKeywordCollectionViewCell.swift */ = {isa = PBXFileReference; lastKnownFileType = sourcecode.swift; path = HotKeywordCollectionViewCell.swift; sourceTree = "<group>"; };
		490D9482219971AC00DAE837 /* HotKeywordCollectionViewCell.xib */ = {isa = PBXFileReference; lastKnownFileType = file.xib; path = HotKeywordCollectionViewCell.xib; sourceTree = "<group>"; };
		490D9487219981BA00DAE837 /* UIViewController+NavigationBar.swift */ = {isa = PBXFileReference; lastKnownFileType = sourcecode.swift; path = "UIViewController+NavigationBar.swift"; sourceTree = "<group>"; };
		490D9489219982FC00DAE837 /* UIView+Shadow.swift */ = {isa = PBXFileReference; lastKnownFileType = sourcecode.swift; path = "UIView+Shadow.swift"; sourceTree = "<group>"; };
		490D948B21998C6400DAE837 /* HotKeywordHeaderTableViewCell.swift */ = {isa = PBXFileReference; lastKnownFileType = sourcecode.swift; path = HotKeywordHeaderTableViewCell.swift; sourceTree = "<group>"; };
		490D948F219A4CCA00DAE837 /* HotKeywordListTableViewCell.swift */ = {isa = PBXFileReference; lastKnownFileType = sourcecode.swift; path = HotKeywordListTableViewCell.swift; sourceTree = "<group>"; };
		490D9490219A4CCA00DAE837 /* HotKeywordListTableViewCell.xib */ = {isa = PBXFileReference; lastKnownFileType = file.xib; path = HotKeywordListTableViewCell.xib; sourceTree = "<group>"; };
		490D9493219A4ED200DAE837 /* CollectionView+Tlend.swift */ = {isa = PBXFileReference; lastKnownFileType = sourcecode.swift; path = "CollectionView+Tlend.swift"; sourceTree = "<group>"; };
		490D9495219A583700DAE837 /* Search.storyboard */ = {isa = PBXFileReference; lastKnownFileType = file.storyboard; path = Search.storyboard; sourceTree = "<group>"; };
		490D949A219A696100DAE837 /* SearchViewController.swift */ = {isa = PBXFileReference; lastKnownFileType = sourcecode.swift; path = SearchViewController.swift; sourceTree = "<group>"; };
		490D949D219A796200DAE837 /* SearchResultViewController.swift */ = {isa = PBXFileReference; lastKnownFileType = sourcecode.swift; path = SearchResultViewController.swift; sourceTree = "<group>"; };
		49202C57219DBEA4005286E2 /* MyStarImageCollectionViewCell.swift */ = {isa = PBXFileReference; lastKnownFileType = sourcecode.swift; path = MyStarImageCollectionViewCell.swift; sourceTree = "<group>"; };
		49202C58219DBEA4005286E2 /* MyStarImageCollectionViewCell.xib */ = {isa = PBXFileReference; lastKnownFileType = file.xib; path = MyStarImageCollectionViewCell.xib; sourceTree = "<group>"; };
		49202C5C219DC4D4005286E2 /* SelectedMyStarViewController.swift */ = {isa = PBXFileReference; lastKnownFileType = sourcecode.swift; path = SelectedMyStarViewController.swift; sourceTree = "<group>"; };
		49202C5E219DC4E8005286E2 /* SearchStarCollectionViewCell.swift */ = {isa = PBXFileReference; lastKnownFileType = sourcecode.swift; path = SearchStarCollectionViewCell.swift; sourceTree = "<group>"; };
		49202C63219E8D67005286E2 /* MyStarHomeTitleTableViewCell.swift */ = {isa = PBXFileReference; lastKnownFileType = sourcecode.swift; path = MyStarHomeTitleTableViewCell.swift; sourceTree = "<group>"; };
		49202C64219E8D67005286E2 /* MyStarHomeTitleTableViewCell.xib */ = {isa = PBXFileReference; lastKnownFileType = file.xib; path = MyStarHomeTitleTableViewCell.xib; sourceTree = "<group>"; };
		49202C67219E8DFE005286E2 /* MyStarListTableViewCell.swift */ = {isa = PBXFileReference; lastKnownFileType = sourcecode.swift; path = MyStarListTableViewCell.swift; sourceTree = "<group>"; };
		49202C68219E8DFE005286E2 /* MyStarListTableViewCell.xib */ = {isa = PBXFileReference; lastKnownFileType = file.xib; path = MyStarListTableViewCell.xib; sourceTree = "<group>"; };
		49202C71219E9134005286E2 /* TrendRankingTableViewCell.swift */ = {isa = PBXFileReference; lastKnownFileType = sourcecode.swift; path = TrendRankingTableViewCell.swift; sourceTree = "<group>"; };
		49202C72219E9134005286E2 /* TrendRankingTableViewCell.xib */ = {isa = PBXFileReference; lastKnownFileType = file.xib; path = TrendRankingTableViewCell.xib; sourceTree = "<group>"; };
		4942C0B8219F2C0C00A431A6 /* DetailInfoViewController.swift */ = {isa = PBXFileReference; lastKnownFileType = sourcecode.swift; path = DetailInfoViewController.swift; sourceTree = "<group>"; };
		4942C0BA219F2CA800A431A6 /* DetailHeaderImageCollectionViewCell.swift */ = {isa = PBXFileReference; lastKnownFileType = sourcecode.swift; path = DetailHeaderImageCollectionViewCell.swift; sourceTree = "<group>"; };
		4942C0BB219F2CA800A431A6 /* DetailHeaderImageCollectionViewCell.xib */ = {isa = PBXFileReference; lastKnownFileType = file.xib; path = DetailHeaderImageCollectionViewCell.xib; sourceTree = "<group>"; };
		4942C0BE219F2FCF00A431A6 /* DetailInfoTableViewCell.swift */ = {isa = PBXFileReference; lastKnownFileType = sourcecode.swift; path = DetailInfoTableViewCell.swift; sourceTree = "<group>"; };
		4942C0BF219F2FCF00A431A6 /* DetailInfoTableViewCell.xib */ = {isa = PBXFileReference; lastKnownFileType = file.xib; path = DetailInfoTableViewCell.xib; sourceTree = "<group>"; };
		4942C0C3219FF27C00A431A6 /* DetailInfoImageTableViewCell.swift */ = {isa = PBXFileReference; lastKnownFileType = sourcecode.swift; path = DetailInfoImageTableViewCell.swift; sourceTree = "<group>"; };
		4942C0C4219FF27C00A431A6 /* DetailInfoImageTableViewCell.xib */ = {isa = PBXFileReference; lastKnownFileType = file.xib; path = DetailInfoImageTableViewCell.xib; sourceTree = "<group>"; };
		499EDC692197E85C0088D7A8 /* Tlend.app */ = {isa = PBXFileReference; explicitFileType = wrapper.application; includeInIndex = 0; path = Tlend.app; sourceTree = BUILT_PRODUCTS_DIR; };
		499EDC6C2197E85C0088D7A8 /* AppDelegate.swift */ = {isa = PBXFileReference; lastKnownFileType = sourcecode.swift; path = AppDelegate.swift; sourceTree = "<group>"; };
		499EDC712197E85C0088D7A8 /* Base */ = {isa = PBXFileReference; lastKnownFileType = file.storyboard; name = Base; path = Base.lproj/Main.storyboard; sourceTree = "<group>"; };
		499EDC732197E85D0088D7A8 /* Assets.xcassets */ = {isa = PBXFileReference; lastKnownFileType = folder.assetcatalog; path = Assets.xcassets; sourceTree = "<group>"; };
		499EDC762197E85D0088D7A8 /* Base */ = {isa = PBXFileReference; lastKnownFileType = file.storyboard; name = Base; path = Base.lproj/LaunchScreen.storyboard; sourceTree = "<group>"; };
		499EDC782197E85D0088D7A8 /* Info.plist */ = {isa = PBXFileReference; lastKnownFileType = text.plist.xml; path = Info.plist; sourceTree = "<group>"; };
		499EDC8E2197ECA90088D7A8 /* Home.storyboard */ = {isa = PBXFileReference; lastKnownFileType = file.storyboard; path = Home.storyboard; sourceTree = "<group>"; };
		499EDC902197ECB40088D7A8 /* Support.storyboard */ = {isa = PBXFileReference; lastKnownFileType = file.storyboard; path = Support.storyboard; sourceTree = "<group>"; };
		499EDC922197ECBC0088D7A8 /* Reward.storyboard */ = {isa = PBXFileReference; lastKnownFileType = file.storyboard; path = Reward.storyboard; sourceTree = "<group>"; };
		499EDC942197ECC20088D7A8 /* More.storyboard */ = {isa = PBXFileReference; lastKnownFileType = file.storyboard; path = More.storyboard; sourceTree = "<group>"; };
		49A760AA219E92440007DB48 /* PopularContentsTableViewCell.swift */ = {isa = PBXFileReference; lastKnownFileType = sourcecode.swift; path = PopularContentsTableViewCell.swift; sourceTree = "<group>"; };
		49A760AB219E92440007DB48 /* PopularContentsTableViewCell.xib */ = {isa = PBXFileReference; lastKnownFileType = file.xib; path = PopularContentsTableViewCell.xib; sourceTree = "<group>"; };
		49A760AE219E96E50007DB48 /* MyStarHomeFooterTableViewCell.swift */ = {isa = PBXFileReference; lastKnownFileType = sourcecode.swift; path = MyStarHomeFooterTableViewCell.swift; sourceTree = "<group>"; };
		49A760AF219E96E50007DB48 /* MyStarHomeFooterTableViewCell.xib */ = {isa = PBXFileReference; lastKnownFileType = file.xib; path = MyStarHomeFooterTableViewCell.xib; sourceTree = "<group>"; };
		49A760B2219E97510007DB48 /* MyStarHomeViewController.swift */ = {isa = PBXFileReference; lastKnownFileType = sourcecode.swift; path = MyStarHomeViewController.swift; sourceTree = "<group>"; };
		49A760B4219EB7730007DB48 /* MyStarMemberListTableViewCell.swift */ = {isa = PBXFileReference; lastKnownFileType = sourcecode.swift; path = MyStarMemberListTableViewCell.swift; sourceTree = "<group>"; };
		49A760B5219EB7730007DB48 /* MyStarMemberListTableViewCell.xib */ = {isa = PBXFileReference; lastKnownFileType = file.xib; path = MyStarMemberListTableViewCell.xib; sourceTree = "<group>"; };
		49A760B8219EBD2A0007DB48 /* MyStarFeedTableViewCell.swift */ = {isa = PBXFileReference; lastKnownFileType = sourcecode.swift; path = MyStarFeedTableViewCell.swift; sourceTree = "<group>"; };
		49A760B9219EBD2A0007DB48 /* MyStarFeedTableViewCell.xib */ = {isa = PBXFileReference; lastKnownFileType = file.xib; path = MyStarFeedTableViewCell.xib; sourceTree = "<group>"; };
		49A760BD219EC2950007DB48 /* CircleView.swift */ = {isa = PBXFileReference; lastKnownFileType = sourcecode.swift; path = CircleView.swift; sourceTree = "<group>"; };
		49A760BF219F1E240007DB48 /* Detail.storyboard */ = {isa = PBXFileReference; lastKnownFileType = file.storyboard; path = Detail.storyboard; sourceTree = "<group>"; };
		49A760C2219F20A90007DB48 /* DetailHeaderTableViewCell.swift */ = {isa = PBXFileReference; lastKnownFileType = sourcecode.swift; path = DetailHeaderTableViewCell.swift; sourceTree = "<group>"; };
		49A760C3219F20A90007DB48 /* DetailHeaderTableViewCell.xib */ = {isa = PBXFileReference; lastKnownFileType = file.xib; path = DetailHeaderTableViewCell.xib; sourceTree = "<group>"; };
		49A760C6219F231D0007DB48 /* ShareAndSaveButtonTableViewCell.swift */ = {isa = PBXFileReference; lastKnownFileType = sourcecode.swift; path = ShareAndSaveButtonTableViewCell.swift; sourceTree = "<group>"; };
		49A760C7219F231D0007DB48 /* ShareAndSaveButtonTableViewCell.xib */ = {isa = PBXFileReference; lastKnownFileType = file.xib; path = ShareAndSaveButtonTableViewCell.xib; sourceTree = "<group>"; };
		49A760CA219F24E70007DB48 /* FundingInfoTableViewCell.swift */ = {isa = PBXFileReference; lastKnownFileType = sourcecode.swift; path = FundingInfoTableViewCell.swift; sourceTree = "<group>"; };
		49A760CB219F24E70007DB48 /* FundingInfoTableViewCell.xib */ = {isa = PBXFileReference; lastKnownFileType = file.xib; path = FundingInfoTableViewCell.xib; sourceTree = "<group>"; };
		49A760CE219F28890007DB48 /* InfoMenuHeaderView.swift */ = {isa = PBXFileReference; lastKnownFileType = sourcecode.swift; path = InfoMenuHeaderView.swift; sourceTree = "<group>"; };
		49A760CF219F28890007DB48 /* InfoMenuHeaderView.xib */ = {isa = PBXFileReference; lastKnownFileType = file.xib; path = InfoMenuHeaderView.xib; sourceTree = "<group>"; };
		49FFB9E221A0749400F40ABC /* ChoiceFundingViewController.swift */ = {isa = PBXFileReference; lastKnownFileType = sourcecode.swift; path = ChoiceFundingViewController.swift; sourceTree = "<group>"; };
		49FFB9E421A0755000F40ABC /* ChoiceOptionTableViewCell.swift */ = {isa = PBXFileReference; lastKnownFileType = sourcecode.swift; path = ChoiceOptionTableViewCell.swift; sourceTree = "<group>"; };
		49FFB9E621A0755A00F40ABC /* OptionTableViewCell.swift */ = {isa = PBXFileReference; lastKnownFileType = sourcecode.swift; path = OptionTableViewCell.swift; sourceTree = "<group>"; };
		49FFB9E821A0756B00F40ABC /* SelectedOptionTableViewCell.swift */ = {isa = PBXFileReference; lastKnownFileType = sourcecode.swift; path = SelectedOptionTableViewCell.swift; sourceTree = "<group>"; };
		49FFB9EA21A0761100F40ABC /* TotalAmountTableViewCell.swift */ = {isa = PBXFileReference; lastKnownFileType = sourcecode.swift; path = TotalAmountTableViewCell.swift; sourceTree = "<group>"; };
		515C28C28C39821D1A718EFA /* Pods_Tlend.framework */ = {isa = PBXFileReference; explicitFileType = wrapper.framework; includeInIndex = 0; path = Pods_Tlend.framework; sourceTree = BUILT_PRODUCTS_DIR; };
		BA3DF96021982A3D00B1D42C /* FormCheckTableViewCell.swift */ = {isa = PBXFileReference; lastKnownFileType = sourcecode.swift; path = FormCheckTableViewCell.swift; sourceTree = "<group>"; };
		BA3DF96121982A3D00B1D42C /* FormCheckTableViewCell.xib */ = {isa = PBXFileReference; lastKnownFileType = file.xib; path = FormCheckTableViewCell.xib; sourceTree = "<group>"; };
		BA3DF96721982C3C00B1D42C /* StartFormViewController.swift */ = {isa = PBXFileReference; lastKnownFileType = sourcecode.swift; path = StartFormViewController.swift; sourceTree = "<group>"; };
		BA3DF96921982CA700B1D42C /* FundingKindViewController.swift */ = {isa = PBXFileReference; lastKnownFileType = sourcecode.swift; path = FundingKindViewController.swift; sourceTree = "<group>"; };
		BA3DF96B2198306600B1D42C /* TableView+Tlend.swift */ = {isa = PBXFileReference; fileEncoding = 4; lastKnownFileType = sourcecode.swift; path = "TableView+Tlend.swift"; sourceTree = "<group>"; };
		BA3DF96F2198320F00B1D42C /* UIStoryboard+Tlend.swift */ = {isa = PBXFileReference; lastKnownFileType = sourcecode.swift; path = "UIStoryboard+Tlend.swift"; sourceTree = "<group>"; };
		BA3DF971219842E600B1D42C /* StockCategoryViewController.swift */ = {isa = PBXFileReference; lastKnownFileType = sourcecode.swift; path = StockCategoryViewController.swift; sourceTree = "<group>"; };
		BA608EEB219DADD700A3B5F0 /* IdolSupportViewController.swift */ = {isa = PBXFileReference; lastKnownFileType = sourcecode.swift; path = IdolSupportViewController.swift; sourceTree = "<group>"; };
		BA608EEE219DAE6400A3B5F0 /* IdolHeaderView.swift */ = {isa = PBXFileReference; lastKnownFileType = sourcecode.swift; path = IdolHeaderView.swift; sourceTree = "<group>"; };
		BA608EF0219DAE8B00A3B5F0 /* IdolHeaderView.xib */ = {isa = PBXFileReference; lastKnownFileType = file.xib; path = IdolHeaderView.xib; sourceTree = "<group>"; };
		BA608EF2219DAF4C00A3B5F0 /* IdolItemTableViewCell.swift */ = {isa = PBXFileReference; lastKnownFileType = sourcecode.swift; path = IdolItemTableViewCell.swift; sourceTree = "<group>"; };
		BA608EF4219DAF5B00A3B5F0 /* IdolItemTableViewCell.xib */ = {isa = PBXFileReference; lastKnownFileType = file.xib; path = IdolItemTableViewCell.xib; sourceTree = "<group>"; };
		BA608EF6219DB1D000A3B5F0 /* UIColor+Tlend.swift */ = {isa = PBXFileReference; lastKnownFileType = sourcecode.swift; path = "UIColor+Tlend.swift"; sourceTree = "<group>"; };
		BA608EF8219DB34F00A3B5F0 /* IdolInfoTableViewCell.swift */ = {isa = PBXFileReference; lastKnownFileType = sourcecode.swift; path = IdolInfoTableViewCell.swift; sourceTree = "<group>"; };
		BA608EF9219DB34F00A3B5F0 /* IdolInfoTableViewCell.xib */ = {isa = PBXFileReference; lastKnownFileType = file.xib; path = IdolInfoTableViewCell.xib; sourceTree = "<group>"; };
		BA608EFC219DBC6000A3B5F0 /* UIView+Xib.swift */ = {isa = PBXFileReference; lastKnownFileType = sourcecode.swift; path = "UIView+Xib.swift"; sourceTree = "<group>"; };
		BA608EFE219DC1B400A3B5F0 /* UIView+Tlend.swift */ = {isa = PBXFileReference; lastKnownFileType = sourcecode.swift; path = "UIView+Tlend.swift"; sourceTree = "<group>"; };
		BA608F00219DC3C700A3B5F0 /* IdolRewardViewController.swift */ = {isa = PBXFileReference; lastKnownFileType = sourcecode.swift; path = IdolRewardViewController.swift; sourceTree = "<group>"; };
		BA608F02219DC62200A3B5F0 /* IdolMoreViewController.swift */ = {isa = PBXFileReference; lastKnownFileType = sourcecode.swift; path = IdolMoreViewController.swift; sourceTree = "<group>"; };
		BA608F04219DC62E00A3B5F0 /* MoreTableViewCell.swift */ = {isa = PBXFileReference; lastKnownFileType = sourcecode.swift; path = MoreTableViewCell.swift; sourceTree = "<group>"; };
		BA608F06219DCF2900A3B5F0 /* Sign.storyboard */ = {isa = PBXFileReference; lastKnownFileType = file.storyboard; path = Sign.storyboard; sourceTree = "<group>"; };
		BA608F09219DD1EC00A3B5F0 /* SignInViewController.swift */ = {isa = PBXFileReference; lastKnownFileType = sourcecode.swift; path = SignInViewController.swift; sourceTree = "<group>"; };
		BA87B9C1219FF73F001E7D16 /* SignUpViewController.swift */ = {isa = PBXFileReference; lastKnownFileType = sourcecode.swift; path = SignUpViewController.swift; sourceTree = "<group>"; };
		BA87B9C421A12DD7001E7D16 /* DialogViewController.swift */ = {isa = PBXFileReference; lastKnownFileType = sourcecode.swift; path = DialogViewController.swift; sourceTree = "<group>"; };
		BA87B9C921A130DF001E7D16 /* TDialogView.swift */ = {isa = PBXFileReference; lastKnownFileType = sourcecode.swift; path = TDialogView.swift; sourceTree = "<group>"; };
		BA87B9CB21A130EF001E7D16 /* TDialogView.xib */ = {isa = PBXFileReference; lastKnownFileType = file.xib; path = TDialogView.xib; sourceTree = "<group>"; };
		BA87B9CF21A157DE001E7D16 /* IdolProductHeaderCellTableViewCell.swift */ = {isa = PBXFileReference; lastKnownFileType = sourcecode.swift; path = IdolProductHeaderCellTableViewCell.swift; sourceTree = "<group>"; };
		BA87B9D021A157DE001E7D16 /* IdolProductHeaderCellTableViewCell.xib */ = {isa = PBXFileReference; lastKnownFileType = file.xib; path = IdolProductHeaderCellTableViewCell.xib; sourceTree = "<group>"; };
		BAFEFEAD2198239F00E39F15 /* Form.storyboard */ = {isa = PBXFileReference; lastKnownFileType = file.storyboard; path = Form.storyboard; sourceTree = "<group>"; };
/* End PBXFileReference section */

/* Begin PBXFrameworksBuildPhase section */
		499EDC662197E85C0088D7A8 /* Frameworks */ = {
			isa = PBXFrameworksBuildPhase;
			buildActionMask = 2147483647;
			files = (
				70C2B28376D9880DECBEA354 /* Pods_Tlend.framework in Frameworks */,
			);
			runOnlyForDeploymentPostprocessing = 0;
		};
/* End PBXFrameworksBuildPhase section */

/* Begin PBXGroup section */
		490D94702198434B00DAE837 /* HotKeyword */ = {
			isa = PBXGroup;
			children = (
				490D946E2198431300DAE837 /* HomeHotKeywordViewController.swift */,
				490D948B21998C6400DAE837 /* HotKeywordHeaderTableViewCell.swift */,
			);
			path = HotKeyword;
			sourceTree = "<group>";
		};
		490D94712198434C00DAE837 /* Main */ = {
			isa = PBXGroup;
			children = (
				490D946C219842BB00DAE837 /* HomeMainViewController.swift */,
			);
			path = Main;
			sourceTree = "<group>";
		};
		490D947821996CD000DAE837 /* Home */ = {
			isa = PBXGroup;
			children = (
				490D947921996CE900DAE837 /* HotKeywordTableViewCell.swift */,
				490D947A21996CE900DAE837 /* HotKeywordTableViewCell.xib */,
				490D947D21996F5200DAE837 /* HomeItemsTableViewCell.swift */,
				490D947E21996F5200DAE837 /* HomeItemsTableViewCell.xib */,
				490D9481219971AC00DAE837 /* HotKeywordCollectionViewCell.swift */,
				490D9482219971AC00DAE837 /* HotKeywordCollectionViewCell.xib */,
				490D948F219A4CCA00DAE837 /* HotKeywordListTableViewCell.swift */,
				490D9490219A4CCA00DAE837 /* HotKeywordListTableViewCell.xib */,
				49A760B4219EB7730007DB48 /* MyStarMemberListTableViewCell.swift */,
				49A760B5219EB7730007DB48 /* MyStarMemberListTableViewCell.xib */,
				49A760B8219EBD2A0007DB48 /* MyStarFeedTableViewCell.swift */,
				49A760B9219EBD2A0007DB48 /* MyStarFeedTableViewCell.xib */,
			);
			path = Home;
			sourceTree = "<group>";
		};
		490D9497219A5B2400DAE837 /* Search */ = {
			isa = PBXGroup;
			children = (
				490D949A219A696100DAE837 /* SearchViewController.swift */,
				490D949D219A796200DAE837 /* SearchResultViewController.swift */,
			);
			path = Search;
			sourceTree = "<group>";
		};
		49202C56219DBE7E005286E2 /* Main */ = {
			isa = PBXGroup;
			children = (
				49202C57219DBEA4005286E2 /* MyStarImageCollectionViewCell.swift */,
				49202C58219DBEA4005286E2 /* MyStarImageCollectionViewCell.xib */,
				49202C63219E8D67005286E2 /* MyStarHomeTitleTableViewCell.swift */,
				49202C64219E8D67005286E2 /* MyStarHomeTitleTableViewCell.xib */,
				49A760AE219E96E50007DB48 /* MyStarHomeFooterTableViewCell.swift */,
				49A760AF219E96E50007DB48 /* MyStarHomeFooterTableViewCell.xib */,
				49202C67219E8DFE005286E2 /* MyStarListTableViewCell.swift */,
				49202C68219E8DFE005286E2 /* MyStarListTableViewCell.xib */,
				49202C71219E9134005286E2 /* TrendRankingTableViewCell.swift */,
				49202C72219E9134005286E2 /* TrendRankingTableViewCell.xib */,
				49A760AA219E92440007DB48 /* PopularContentsTableViewCell.swift */,
				49A760AB219E92440007DB48 /* PopularContentsTableViewCell.xib */,
			);
			path = Main;
			sourceTree = "<group>";
		};
		49202C5B219DC4B5005286E2 /* Main */ = {
			isa = PBXGroup;
			children = (
				49202C5C219DC4D4005286E2 /* SelectedMyStarViewController.swift */,
				49202C5E219DC4E8005286E2 /* SearchStarCollectionViewCell.swift */,
				49A760B2219E97510007DB48 /* MyStarHomeViewController.swift */,
			);
			path = Main;
			sourceTree = "<group>";
		};
		4942C0B7219F2BE200A431A6 /* Detail */ = {
			isa = PBXGroup;
			children = (
				4942C0B8219F2C0C00A431A6 /* DetailInfoViewController.swift */,
				49FFB9E221A0749400F40ABC /* ChoiceFundingViewController.swift */,
				49FFB9E421A0755000F40ABC /* ChoiceOptionTableViewCell.swift */,
				49FFB9E621A0755A00F40ABC /* OptionTableViewCell.swift */,
				49FFB9E821A0756B00F40ABC /* SelectedOptionTableViewCell.swift */,
				49FFB9EA21A0761100F40ABC /* TotalAmountTableViewCell.swift */,
			);
			path = Detail;
			sourceTree = "<group>";
		};
		499EDC602197E85C0088D7A8 = {
			isa = PBXGroup;
			children = (
				499EDC6B2197E85C0088D7A8 /* Tlend */,
				499EDC6A2197E85C0088D7A8 /* Products */,
				5DE76DEF1DBA07F5E1674413 /* Pods */,
				D793D4304F4EDC01F698719E /* Frameworks */,
			);
			sourceTree = "<group>";
		};
		499EDC6A2197E85C0088D7A8 /* Products */ = {
			isa = PBXGroup;
			children = (
				499EDC692197E85C0088D7A8 /* Tlend.app */,
			);
			name = Products;
			sourceTree = "<group>";
		};
		499EDC6B2197E85C0088D7A8 /* Tlend */ = {
			isa = PBXGroup;
			children = (
				499EDC6C2197E85C0088D7A8 /* AppDelegate.swift */,
				499EDC822197E8D20088D7A8 /* ViewController */,
				499EDC812197E8CF0088D7A8 /* Storyboard */,
				499EDC7F2197E8CD0088D7A8 /* Model */,
				499EDC802197E8CE0088D7A8 /* Util */,
				BA3DF95A2198292200B1D42C /* View */,
				499EDC7E2197E8CB0088D7A8 /* SupportingFiles */,
			);
			path = Tlend;
			sourceTree = "<group>";
		};
		499EDC7E2197E8CB0088D7A8 /* SupportingFiles */ = {
			isa = PBXGroup;
			children = (
				499EDC732197E85D0088D7A8 /* Assets.xcassets */,
				499EDC782197E85D0088D7A8 /* Info.plist */,
			);
			path = SupportingFiles;
			sourceTree = "<group>";
		};
		499EDC7F2197E8CD0088D7A8 /* Model */ = {
			isa = PBXGroup;
			children = (
			);
			path = Model;
			sourceTree = "<group>";
		};
		499EDC802197E8CE0088D7A8 /* Util */ = {
			isa = PBXGroup;
			children = (
				499EDC8D2197EA9D0088D7A8 /* Service */,
				499EDC8C2197EA9C0088D7A8 /* Extension */,
			);
			path = Util;
			sourceTree = "<group>";
		};
		499EDC812197E8CF0088D7A8 /* Storyboard */ = {
			isa = PBXGroup;
			children = (
				BA608F06219DCF2900A3B5F0 /* Sign.storyboard */,
				499EDC702197E85C0088D7A8 /* Main.storyboard */,
				499EDC8E2197ECA90088D7A8 /* Home.storyboard */,
				499EDC902197ECB40088D7A8 /* Support.storyboard */,
				499EDC922197ECBC0088D7A8 /* Reward.storyboard */,
				499EDC942197ECC20088D7A8 /* More.storyboard */,
				499EDC752197E85D0088D7A8 /* LaunchScreen.storyboard */,
				BAFEFEAD2198239F00E39F15 /* Form.storyboard */,
				490D9495219A583700DAE837 /* Search.storyboard */,
				49A760BF219F1E240007DB48 /* Detail.storyboard */,
			);
			path = Storyboard;
			sourceTree = "<group>";
		};
		499EDC822197E8D20088D7A8 /* ViewController */ = {
			isa = PBXGroup;
			children = (
				49202C5B219DC4B5005286E2 /* Main */,
				BA608F08219DD1DA00A3B5F0 /* Sign */,
				499EDC8A2197E8FD0088D7A8 /* Home */,
				499EDC892197E8FC0088D7A8 /* Support */,
				499EDC882197E8FB0088D7A8 /* Reward */,
				499EDC872197E8FA0088D7A8 /* More */,
				BA3DF96421982BF800B1D42C /* Form */,
				4942C0B7219F2BE200A431A6 /* Detail */,
				BA87B9C321A12DC9001E7D16 /* Dialog */,
			);
			path = ViewController;
			sourceTree = "<group>";
		};
		499EDC872197E8FA0088D7A8 /* More */ = {
			isa = PBXGroup;
			children = (
				BA608F02219DC62200A3B5F0 /* IdolMoreViewController.swift */,
				BA608F04219DC62E00A3B5F0 /* MoreTableViewCell.swift */,
			);
			path = More;
			sourceTree = "<group>";
		};
		499EDC882197E8FB0088D7A8 /* Reward */ = {
			isa = PBXGroup;
			children = (
				BA608F00219DC3C700A3B5F0 /* IdolRewardViewController.swift */,
			);
			path = Reward;
			sourceTree = "<group>";
		};
		499EDC892197E8FC0088D7A8 /* Support */ = {
			isa = PBXGroup;
			children = (
				BA608EEB219DADD700A3B5F0 /* IdolSupportViewController.swift */,
			);
			path = Support;
			sourceTree = "<group>";
		};
		499EDC8A2197E8FD0088D7A8 /* Home */ = {
			isa = PBXGroup;
			children = (
				490D94712198434C00DAE837 /* Main */,
				490D94702198434B00DAE837 /* HotKeyword */,
				490D9497219A5B2400DAE837 /* Search */,
			);
			path = Home;
			sourceTree = "<group>";
		};
		499EDC8C2197EA9C0088D7A8 /* Extension */ = {
			isa = PBXGroup;
			children = (
				BA3DF96B2198306600B1D42C /* TableView+Tlend.swift */,
				490D9493219A4ED200DAE837 /* CollectionView+Tlend.swift */,
				BA3DF96F2198320F00B1D42C /* UIStoryboard+Tlend.swift */,
				490D9487219981BA00DAE837 /* UIViewController+NavigationBar.swift */,
				490D9489219982FC00DAE837 /* UIView+Shadow.swift */,
				BA608EFE219DC1B400A3B5F0 /* UIView+Tlend.swift */,
				BA608EF6219DB1D000A3B5F0 /* UIColor+Tlend.swift */,
				BA608EFC219DBC6000A3B5F0 /* UIView+Xib.swift */,
			);
			path = Extension;
			sourceTree = "<group>";
		};
		499EDC8D2197EA9D0088D7A8 /* Service */ = {
			isa = PBXGroup;
			children = (
			);
			path = Service;
			sourceTree = "<group>";
		};
		49A760C1219F20490007DB48 /* Detail */ = {
			isa = PBXGroup;
			children = (
				49A760C2219F20A90007DB48 /* DetailHeaderTableViewCell.swift */,
				49A760C3219F20A90007DB48 /* DetailHeaderTableViewCell.xib */,
				4942C0BA219F2CA800A431A6 /* DetailHeaderImageCollectionViewCell.swift */,
				4942C0BB219F2CA800A431A6 /* DetailHeaderImageCollectionViewCell.xib */,
				49A760C6219F231D0007DB48 /* ShareAndSaveButtonTableViewCell.swift */,
				49A760C7219F231D0007DB48 /* ShareAndSaveButtonTableViewCell.xib */,
				49A760CA219F24E70007DB48 /* FundingInfoTableViewCell.swift */,
				49A760CB219F24E70007DB48 /* FundingInfoTableViewCell.xib */,
				49A760CE219F28890007DB48 /* InfoMenuHeaderView.swift */,
				49A760CF219F28890007DB48 /* InfoMenuHeaderView.xib */,
				4942C0BE219F2FCF00A431A6 /* DetailInfoTableViewCell.swift */,
				4942C0BF219F2FCF00A431A6 /* DetailInfoTableViewCell.xib */,
				4942C0C3219FF27C00A431A6 /* DetailInfoImageTableViewCell.swift */,
				4942C0C4219FF27C00A431A6 /* DetailInfoImageTableViewCell.xib */,
			);
			path = Detail;
			sourceTree = "<group>";
		};
		5DE76DEF1DBA07F5E1674413 /* Pods */ = {
			isa = PBXGroup;
			children = (
				18787935DDB8D450B2984C6C /* Pods-Tlend.debug.xcconfig */,
				197B4B4716FDCB2915466B01 /* Pods-Tlend.release.xcconfig */,
			);
			name = Pods;
			sourceTree = "<group>";
		};
		BA3DF95A2198292200B1D42C /* View */ = {
			isa = PBXGroup;
			children = (
				49A760BD219EC2950007DB48 /* CircleView.swift */,
				49202C56219DBE7E005286E2 /* Main */,
				BA608EED219DAE5300A3B5F0 /* Idol */,
				490D947821996CD000DAE837 /* Home */,
				BA3DF95B219829B600B1D42C /* Form */,
				49A760C1219F20490007DB48 /* Detail */,
				BA87B9C821A130B2001E7D16 /* Dialog */,
			);
			path = View;
			sourceTree = "<group>";
		};
		BA3DF95B219829B600B1D42C /* Form */ = {
			isa = PBXGroup;
			children = (
				BA3DF96021982A3D00B1D42C /* FormCheckTableViewCell.swift */,
				BA3DF96121982A3D00B1D42C /* FormCheckTableViewCell.xib */,
			);
			path = Form;
			sourceTree = "<group>";
		};
		BA3DF96421982BF800B1D42C /* Form */ = {
			isa = PBXGroup;
			children = (
				BA3DF96721982C3C00B1D42C /* StartFormViewController.swift */,
				BA3DF96921982CA700B1D42C /* FundingKindViewController.swift */,
				BA3DF971219842E600B1D42C /* StockCategoryViewController.swift */,
			);
			path = Form;
			sourceTree = "<group>";
		};
		BA608EED219DAE5300A3B5F0 /* Idol */ = {
			isa = PBXGroup;
			children = (
				BA608EEE219DAE6400A3B5F0 /* IdolHeaderView.swift */,
				BA608EF0219DAE8B00A3B5F0 /* IdolHeaderView.xib */,
				BA608EF2219DAF4C00A3B5F0 /* IdolItemTableViewCell.swift */,
				BA608EF4219DAF5B00A3B5F0 /* IdolItemTableViewCell.xib */,
				BA608EF8219DB34F00A3B5F0 /* IdolInfoTableViewCell.swift */,
				BA608EF9219DB34F00A3B5F0 /* IdolInfoTableViewCell.xib */,
				BA87B9CF21A157DE001E7D16 /* IdolProductHeaderCellTableViewCell.swift */,
				BA87B9D021A157DE001E7D16 /* IdolProductHeaderCellTableViewCell.xib */,
			);
			path = Idol;
			sourceTree = "<group>";
		};
		BA608F08219DD1DA00A3B5F0 /* Sign */ = {
			isa = PBXGroup;
			children = (
				BA608F09219DD1EC00A3B5F0 /* SignInViewController.swift */,
				BA87B9C1219FF73F001E7D16 /* SignUpViewController.swift */,
			);
			path = Sign;
			sourceTree = "<group>";
		};
		BA87B9C321A12DC9001E7D16 /* Dialog */ = {
			isa = PBXGroup;
			children = (
				BA87B9C421A12DD7001E7D16 /* DialogViewController.swift */,
			);
			path = Dialog;
			sourceTree = "<group>";
		};
		BA87B9C821A130B2001E7D16 /* Dialog */ = {
			isa = PBXGroup;
			children = (
				BA87B9C921A130DF001E7D16 /* TDialogView.swift */,
				BA87B9CB21A130EF001E7D16 /* TDialogView.xib */,
			);
			path = Dialog;
			sourceTree = "<group>";
		};
		D793D4304F4EDC01F698719E /* Frameworks */ = {
			isa = PBXGroup;
			children = (
				515C28C28C39821D1A718EFA /* Pods_Tlend.framework */,
			);
			name = Frameworks;
			sourceTree = "<group>";
		};
/* End PBXGroup section */

/* Begin PBXNativeTarget section */
		499EDC682197E85C0088D7A8 /* Tlend */ = {
			isa = PBXNativeTarget;
			buildConfigurationList = 499EDC7B2197E85D0088D7A8 /* Build configuration list for PBXNativeTarget "Tlend" */;
			buildPhases = (
				FBBE6ADA46E3EC602768B4E0 /* [CP] Check Pods Manifest.lock */,
				499EDC652197E85C0088D7A8 /* Sources */,
				499EDC662197E85C0088D7A8 /* Frameworks */,
				499EDC672197E85C0088D7A8 /* Resources */,
				4A97F1301AB7A5585B80E2EE /* [CP] Embed Pods Frameworks */,
			);
			buildRules = (
			);
			dependencies = (
			);
			name = Tlend;
			productName = Tlend;
			productReference = 499EDC692197E85C0088D7A8 /* Tlend.app */;
			productType = "com.apple.product-type.application";
		};
/* End PBXNativeTarget section */

/* Begin PBXProject section */
		499EDC612197E85C0088D7A8 /* Project object */ = {
			isa = PBXProject;
			attributes = {
				LastSwiftUpdateCheck = 1010;
				LastUpgradeCheck = 1010;
				ORGANIZATIONNAME = LeeHyeJin;
				TargetAttributes = {
					499EDC682197E85C0088D7A8 = {
						CreatedOnToolsVersion = 10.1;
					};
				};
			};
			buildConfigurationList = 499EDC642197E85C0088D7A8 /* Build configuration list for PBXProject "Tlend" */;
			compatibilityVersion = "Xcode 9.3";
			developmentRegion = en;
			hasScannedForEncodings = 0;
			knownRegions = (
				en,
				Base,
			);
			mainGroup = 499EDC602197E85C0088D7A8;
			productRefGroup = 499EDC6A2197E85C0088D7A8 /* Products */;
			projectDirPath = "";
			projectRoot = "";
			targets = (
				499EDC682197E85C0088D7A8 /* Tlend */,
			);
		};
/* End PBXProject section */

/* Begin PBXResourcesBuildPhase section */
		499EDC672197E85C0088D7A8 /* Resources */ = {
			isa = PBXResourcesBuildPhase;
			buildActionMask = 2147483647;
			files = (
				49A760D1219F28890007DB48 /* InfoMenuHeaderView.xib in Resources */,
				BA87B9CC21A130EF001E7D16 /* TDialogView.xib in Resources */,
				499EDC772197E85D0088D7A8 /* LaunchScreen.storyboard in Resources */,
				49A760B1219E96E50007DB48 /* MyStarHomeFooterTableViewCell.xib in Resources */,
				49A760BB219EBD2A0007DB48 /* MyStarFeedTableViewCell.xib in Resources */,
				49A760C0219F1E240007DB48 /* Detail.storyboard in Resources */,
				49A760C5219F20A90007DB48 /* DetailHeaderTableViewCell.xib in Resources */,
				499EDC742197E85D0088D7A8 /* Assets.xcassets in Resources */,
				BA87B9D221A157DE001E7D16 /* IdolProductHeaderCellTableViewCell.xib in Resources */,
				4942C0BD219F2CA800A431A6 /* DetailHeaderImageCollectionViewCell.xib in Resources */,
				49A760B7219EB7730007DB48 /* MyStarMemberListTableViewCell.xib in Resources */,
				BAFEFEAE2198239F00E39F15 /* Form.storyboard in Resources */,
				49A760C9219F231D0007DB48 /* ShareAndSaveButtonTableViewCell.xib in Resources */,
				49202C74219E9134005286E2 /* TrendRankingTableViewCell.xib in Resources */,
				490D948021996F5200DAE837 /* HomeItemsTableViewCell.xib in Resources */,
				490D9496219A583700DAE837 /* Search.storyboard in Resources */,
				4942C0C1219F2FCF00A431A6 /* DetailInfoTableViewCell.xib in Resources */,
				BA608EF5219DAF5B00A3B5F0 /* IdolItemTableViewCell.xib in Resources */,
				499EDC952197ECC20088D7A8 /* More.storyboard in Resources */,
				499EDC722197E85C0088D7A8 /* Main.storyboard in Resources */,
				4942C0C6219FF27C00A431A6 /* DetailInfoImageTableViewCell.xib in Resources */,
				49202C66219E8D67005286E2 /* MyStarHomeTitleTableViewCell.xib in Resources */,
				49A760AD219E92440007DB48 /* PopularContentsTableViewCell.xib in Resources */,
				BA608F07219DCF2900A3B5F0 /* Sign.storyboard in Resources */,
				499EDC8F2197ECA90088D7A8 /* Home.storyboard in Resources */,
				499EDC912197ECB40088D7A8 /* Support.storyboard in Resources */,
				490D9484219971AC00DAE837 /* HotKeywordCollectionViewCell.xib in Resources */,
				BA608EF1219DAE8B00A3B5F0 /* IdolHeaderView.xib in Resources */,
				BA608EFB219DB34F00A3B5F0 /* IdolInfoTableViewCell.xib in Resources */,
				49A760CD219F24E70007DB48 /* FundingInfoTableViewCell.xib in Resources */,
				490D947C21996CE900DAE837 /* HotKeywordTableViewCell.xib in Resources */,
				49202C6A219E8DFE005286E2 /* MyStarListTableViewCell.xib in Resources */,
				499EDC932197ECBC0088D7A8 /* Reward.storyboard in Resources */,
				490D9492219A4CCA00DAE837 /* HotKeywordListTableViewCell.xib in Resources */,
				49202C5A219DBEA4005286E2 /* MyStarImageCollectionViewCell.xib in Resources */,
				BA3DF96321982A3D00B1D42C /* FormCheckTableViewCell.xib in Resources */,
			);
			runOnlyForDeploymentPostprocessing = 0;
		};
/* End PBXResourcesBuildPhase section */

/* Begin PBXShellScriptBuildPhase section */
		4A97F1301AB7A5585B80E2EE /* [CP] Embed Pods Frameworks */ = {
			isa = PBXShellScriptBuildPhase;
			buildActionMask = 2147483647;
			files = (
			);
			inputFileListPaths = (
			);
			inputPaths = (
				"${SRCROOT}/Pods/Target Support Files/Pods-Tlend/Pods-Tlend-frameworks.sh",
				"${BUILT_PRODUCTS_DIR}/Kingfisher/Kingfisher.framework",
				"${BUILT_PRODUCTS_DIR}/SnapKit/SnapKit.framework",
				"${BUILT_PRODUCTS_DIR}/XLPagerTabStrip/XLPagerTabStrip.framework",
			);
			name = "[CP] Embed Pods Frameworks";
			outputFileListPaths = (
			);
			outputPaths = (
				"${TARGET_BUILD_DIR}/${FRAMEWORKS_FOLDER_PATH}/Kingfisher.framework",
				"${TARGET_BUILD_DIR}/${FRAMEWORKS_FOLDER_PATH}/SnapKit.framework",
				"${TARGET_BUILD_DIR}/${FRAMEWORKS_FOLDER_PATH}/XLPagerTabStrip.framework",
			);
			runOnlyForDeploymentPostprocessing = 0;
			shellPath = /bin/sh;
			shellScript = "\"${SRCROOT}/Pods/Target Support Files/Pods-Tlend/Pods-Tlend-frameworks.sh\"\n";
			showEnvVarsInLog = 0;
		};
		FBBE6ADA46E3EC602768B4E0 /* [CP] Check Pods Manifest.lock */ = {
			isa = PBXShellScriptBuildPhase;
			buildActionMask = 2147483647;
			files = (
			);
			inputFileListPaths = (
			);
			inputPaths = (
				"${PODS_PODFILE_DIR_PATH}/Podfile.lock",
				"${PODS_ROOT}/Manifest.lock",
			);
			name = "[CP] Check Pods Manifest.lock";
			outputFileListPaths = (
			);
			outputPaths = (
				"$(DERIVED_FILE_DIR)/Pods-Tlend-checkManifestLockResult.txt",
			);
			runOnlyForDeploymentPostprocessing = 0;
			shellPath = /bin/sh;
			shellScript = "diff \"${PODS_PODFILE_DIR_PATH}/Podfile.lock\" \"${PODS_ROOT}/Manifest.lock\" > /dev/null\nif [ $? != 0 ] ; then\n    # print error to STDERR\n    echo \"error: The sandbox is not in sync with the Podfile.lock. Run 'pod install' or update your CocoaPods installation.\" >&2\n    exit 1\nfi\n# This output is used by Xcode 'outputs' to avoid re-running this script phase.\necho \"SUCCESS\" > \"${SCRIPT_OUTPUT_FILE_0}\"\n";
			showEnvVarsInLog = 0;
		};
/* End PBXShellScriptBuildPhase section */

/* Begin PBXSourcesBuildPhase section */
		499EDC652197E85C0088D7A8 /* Sources */ = {
			isa = PBXSourcesBuildPhase;
			buildActionMask = 2147483647;
			files = (
				BA608EFF219DC1B400A3B5F0 /* UIView+Tlend.swift in Sources */,
				490D948A219982FC00DAE837 /* UIView+Shadow.swift in Sources */,
				BA3DF9702198320F00B1D42C /* UIStoryboard+Tlend.swift in Sources */,
				49A760CC219F24E70007DB48 /* FundingInfoTableViewCell.swift in Sources */,
				49FFB9E921A0756B00F40ABC /* SelectedOptionTableViewCell.swift in Sources */,
				49FFB9E721A0755A00F40ABC /* OptionTableViewCell.swift in Sources */,
				49A760BE219EC2950007DB48 /* CircleView.swift in Sources */,
				4942C0C5219FF27C00A431A6 /* DetailInfoImageTableViewCell.swift in Sources */,
				49A760C8219F231D0007DB48 /* ShareAndSaveButtonTableViewCell.swift in Sources */,
				490D947F21996F5200DAE837 /* HomeItemsTableViewCell.swift in Sources */,
				49A760B6219EB7730007DB48 /* MyStarMemberListTableViewCell.swift in Sources */,
				BA608EF7219DB1D000A3B5F0 /* UIColor+Tlend.swift in Sources */,
				49202C73219E9134005286E2 /* TrendRankingTableViewCell.swift in Sources */,
				4942C0C0219F2FCF00A431A6 /* DetailInfoTableViewCell.swift in Sources */,
				49FFB9E521A0755000F40ABC /* ChoiceOptionTableViewCell.swift in Sources */,
				BA3DF96221982A3D00B1D42C /* FormCheckTableViewCell.swift in Sources */,
				490D949B219A696100DAE837 /* SearchViewController.swift in Sources */,
				BA3DF96821982C3C00B1D42C /* StartFormViewController.swift in Sources */,
				4942C0B9219F2C0C00A431A6 /* DetailInfoViewController.swift in Sources */,
				49A760AC219E92440007DB48 /* PopularContentsTableViewCell.swift in Sources */,
				490D948C21998C6400DAE837 /* HotKeywordHeaderTableViewCell.swift in Sources */,
				BA608EFD219DBC6000A3B5F0 /* UIView+Xib.swift in Sources */,
				BA87B9CA21A130DF001E7D16 /* TDialogView.swift in Sources */,
				BA608F0A219DD1EC00A3B5F0 /* SignInViewController.swift in Sources */,
				490D947B21996CE900DAE837 /* HotKeywordTableViewCell.swift in Sources */,
				BA3DF96C2198306600B1D42C /* TableView+Tlend.swift in Sources */,
				490D9488219981BA00DAE837 /* UIViewController+NavigationBar.swift in Sources */,
				BA3DF972219842E600B1D42C /* StockCategoryViewController.swift in Sources */,
				BA3DF96A21982CA700B1D42C /* FundingKindViewController.swift in Sources */,
				49202C59219DBEA4005286E2 /* MyStarImageCollectionViewCell.swift in Sources */,
				BA608F01219DC3C700A3B5F0 /* IdolRewardViewController.swift in Sources */,
				49202C69219E8DFE005286E2 /* MyStarListTableViewCell.swift in Sources */,
				490D946D219842BB00DAE837 /* HomeMainViewController.swift in Sources */,
				49202C65219E8D67005286E2 /* MyStarHomeTitleTableViewCell.swift in Sources */,
				49FFB9EB21A0761100F40ABC /* TotalAmountTableViewCell.swift in Sources */,
				BA608EEF219DAE6400A3B5F0 /* IdolHeaderView.swift in Sources */,
				BA87B9C521A12DD7001E7D16 /* DialogViewController.swift in Sources */,
				BA608F05219DC62E00A3B5F0 /* MoreTableViewCell.swift in Sources */,
				490D9483219971AC00DAE837 /* HotKeywordCollectionViewCell.swift in Sources */,
				BA608EF3219DAF4C00A3B5F0 /* IdolItemTableViewCell.swift in Sources */,
				499EDC6D2197E85C0088D7A8 /* AppDelegate.swift in Sources */,
				49A760B3219E97510007DB48 /* MyStarHomeViewController.swift in Sources */,
				BA608EFA219DB34F00A3B5F0 /* IdolInfoTableViewCell.swift in Sources */,
				BA608EEC219DADD700A3B5F0 /* IdolSupportViewController.swift in Sources */,
				4942C0BC219F2CA800A431A6 /* DetailHeaderImageCollectionViewCell.swift in Sources */,
				49202C5F219DC4E8005286E2 /* SearchStarCollectionViewCell.swift in Sources */,
				490D946F2198431300DAE837 /* HomeHotKeywordViewController.swift in Sources */,
				490D9494219A4ED200DAE837 /* CollectionView+Tlend.swift in Sources */,
				49A760C4219F20A90007DB48 /* DetailHeaderTableViewCell.swift in Sources */,
				BA87B9D121A157DE001E7D16 /* IdolProductHeaderCellTableViewCell.swift in Sources */,
				49A760B0219E96E50007DB48 /* MyStarHomeFooterTableViewCell.swift in Sources */,
				49A760D0219F28890007DB48 /* InfoMenuHeaderView.swift in Sources */,
				49202C5D219DC4D4005286E2 /* SelectedMyStarViewController.swift in Sources */,
				490D949E219A796200DAE837 /* SearchResultViewController.swift in Sources */,
				490D9491219A4CCA00DAE837 /* HotKeywordListTableViewCell.swift in Sources */,
				49FFB9E321A0749400F40ABC /* ChoiceFundingViewController.swift in Sources */,
				BA87B9C2219FF73F001E7D16 /* SignUpViewController.swift in Sources */,
				BA608F03219DC62200A3B5F0 /* IdolMoreViewController.swift in Sources */,
				49A760BA219EBD2A0007DB48 /* MyStarFeedTableViewCell.swift in Sources */,
			);
			runOnlyForDeploymentPostprocessing = 0;
		};
/* End PBXSourcesBuildPhase section */

/* Begin PBXVariantGroup section */
		499EDC702197E85C0088D7A8 /* Main.storyboard */ = {
			isa = PBXVariantGroup;
			children = (
				499EDC712197E85C0088D7A8 /* Base */,
			);
			name = Main.storyboard;
			sourceTree = "<group>";
		};
		499EDC752197E85D0088D7A8 /* LaunchScreen.storyboard */ = {
			isa = PBXVariantGroup;
			children = (
				499EDC762197E85D0088D7A8 /* Base */,
			);
			name = LaunchScreen.storyboard;
			sourceTree = "<group>";
		};
/* End PBXVariantGroup section */

/* Begin XCBuildConfiguration section */
		499EDC792197E85D0088D7A8 /* Debug */ = {
			isa = XCBuildConfiguration;
			buildSettings = {
				ALWAYS_SEARCH_USER_PATHS = NO;
				CLANG_ANALYZER_NONNULL = YES;
				CLANG_ANALYZER_NUMBER_OBJECT_CONVERSION = YES_AGGRESSIVE;
				CLANG_CXX_LANGUAGE_STANDARD = "gnu++14";
				CLANG_CXX_LIBRARY = "libc++";
				CLANG_ENABLE_MODULES = YES;
				CLANG_ENABLE_OBJC_ARC = YES;
				CLANG_ENABLE_OBJC_WEAK = YES;
				CLANG_WARN_BLOCK_CAPTURE_AUTORELEASING = YES;
				CLANG_WARN_BOOL_CONVERSION = YES;
				CLANG_WARN_COMMA = YES;
				CLANG_WARN_CONSTANT_CONVERSION = YES;
				CLANG_WARN_DEPRECATED_OBJC_IMPLEMENTATIONS = YES;
				CLANG_WARN_DIRECT_OBJC_ISA_USAGE = YES_ERROR;
				CLANG_WARN_DOCUMENTATION_COMMENTS = YES;
				CLANG_WARN_EMPTY_BODY = YES;
				CLANG_WARN_ENUM_CONVERSION = YES;
				CLANG_WARN_INFINITE_RECURSION = YES;
				CLANG_WARN_INT_CONVERSION = YES;
				CLANG_WARN_NON_LITERAL_NULL_CONVERSION = YES;
				CLANG_WARN_OBJC_IMPLICIT_RETAIN_SELF = YES;
				CLANG_WARN_OBJC_LITERAL_CONVERSION = YES;
				CLANG_WARN_OBJC_ROOT_CLASS = YES_ERROR;
				CLANG_WARN_RANGE_LOOP_ANALYSIS = YES;
				CLANG_WARN_STRICT_PROTOTYPES = YES;
				CLANG_WARN_SUSPICIOUS_MOVE = YES;
				CLANG_WARN_UNGUARDED_AVAILABILITY = YES_AGGRESSIVE;
				CLANG_WARN_UNREACHABLE_CODE = YES;
				CLANG_WARN__DUPLICATE_METHOD_MATCH = YES;
				CODE_SIGN_IDENTITY = "iPhone Developer";
				COPY_PHASE_STRIP = NO;
				DEBUG_INFORMATION_FORMAT = dwarf;
				ENABLE_STRICT_OBJC_MSGSEND = YES;
				ENABLE_TESTABILITY = YES;
				GCC_C_LANGUAGE_STANDARD = gnu11;
				GCC_DYNAMIC_NO_PIC = NO;
				GCC_NO_COMMON_BLOCKS = YES;
				GCC_OPTIMIZATION_LEVEL = 0;
				GCC_PREPROCESSOR_DEFINITIONS = (
					"DEBUG=1",
					"$(inherited)",
				);
				GCC_WARN_64_TO_32_BIT_CONVERSION = YES;
				GCC_WARN_ABOUT_RETURN_TYPE = YES_ERROR;
				GCC_WARN_UNDECLARED_SELECTOR = YES;
				GCC_WARN_UNINITIALIZED_AUTOS = YES_AGGRESSIVE;
				GCC_WARN_UNUSED_FUNCTION = YES;
				GCC_WARN_UNUSED_VARIABLE = YES;
				IPHONEOS_DEPLOYMENT_TARGET = 10.0;
				MTL_ENABLE_DEBUG_INFO = INCLUDE_SOURCE;
				MTL_FAST_MATH = YES;
				ONLY_ACTIVE_ARCH = YES;
				SDKROOT = iphoneos;
				SWIFT_ACTIVE_COMPILATION_CONDITIONS = DEBUG;
				SWIFT_OPTIMIZATION_LEVEL = "-Onone";
			};
			name = Debug;
		};
		499EDC7A2197E85D0088D7A8 /* Release */ = {
			isa = XCBuildConfiguration;
			buildSettings = {
				ALWAYS_SEARCH_USER_PATHS = NO;
				CLANG_ANALYZER_NONNULL = YES;
				CLANG_ANALYZER_NUMBER_OBJECT_CONVERSION = YES_AGGRESSIVE;
				CLANG_CXX_LANGUAGE_STANDARD = "gnu++14";
				CLANG_CXX_LIBRARY = "libc++";
				CLANG_ENABLE_MODULES = YES;
				CLANG_ENABLE_OBJC_ARC = YES;
				CLANG_ENABLE_OBJC_WEAK = YES;
				CLANG_WARN_BLOCK_CAPTURE_AUTORELEASING = YES;
				CLANG_WARN_BOOL_CONVERSION = YES;
				CLANG_WARN_COMMA = YES;
				CLANG_WARN_CONSTANT_CONVERSION = YES;
				CLANG_WARN_DEPRECATED_OBJC_IMPLEMENTATIONS = YES;
				CLANG_WARN_DIRECT_OBJC_ISA_USAGE = YES_ERROR;
				CLANG_WARN_DOCUMENTATION_COMMENTS = YES;
				CLANG_WARN_EMPTY_BODY = YES;
				CLANG_WARN_ENUM_CONVERSION = YES;
				CLANG_WARN_INFINITE_RECURSION = YES;
				CLANG_WARN_INT_CONVERSION = YES;
				CLANG_WARN_NON_LITERAL_NULL_CONVERSION = YES;
				CLANG_WARN_OBJC_IMPLICIT_RETAIN_SELF = YES;
				CLANG_WARN_OBJC_LITERAL_CONVERSION = YES;
				CLANG_WARN_OBJC_ROOT_CLASS = YES_ERROR;
				CLANG_WARN_RANGE_LOOP_ANALYSIS = YES;
				CLANG_WARN_STRICT_PROTOTYPES = YES;
				CLANG_WARN_SUSPICIOUS_MOVE = YES;
				CLANG_WARN_UNGUARDED_AVAILABILITY = YES_AGGRESSIVE;
				CLANG_WARN_UNREACHABLE_CODE = YES;
				CLANG_WARN__DUPLICATE_METHOD_MATCH = YES;
				CODE_SIGN_IDENTITY = "iPhone Developer";
				COPY_PHASE_STRIP = NO;
				DEBUG_INFORMATION_FORMAT = "dwarf-with-dsym";
				ENABLE_NS_ASSERTIONS = NO;
				ENABLE_STRICT_OBJC_MSGSEND = YES;
				GCC_C_LANGUAGE_STANDARD = gnu11;
				GCC_NO_COMMON_BLOCKS = YES;
				GCC_WARN_64_TO_32_BIT_CONVERSION = YES;
				GCC_WARN_ABOUT_RETURN_TYPE = YES_ERROR;
				GCC_WARN_UNDECLARED_SELECTOR = YES;
				GCC_WARN_UNINITIALIZED_AUTOS = YES_AGGRESSIVE;
				GCC_WARN_UNUSED_FUNCTION = YES;
				GCC_WARN_UNUSED_VARIABLE = YES;
				IPHONEOS_DEPLOYMENT_TARGET = 10.0;
				MTL_ENABLE_DEBUG_INFO = NO;
				MTL_FAST_MATH = YES;
				SDKROOT = iphoneos;
				SWIFT_COMPILATION_MODE = wholemodule;
				SWIFT_OPTIMIZATION_LEVEL = "-O";
				VALIDATE_PRODUCT = YES;
			};
			name = Release;
		};
		499EDC7C2197E85D0088D7A8 /* Debug */ = {
			isa = XCBuildConfiguration;
			baseConfigurationReference = 18787935DDB8D450B2984C6C /* Pods-Tlend.debug.xcconfig */;
			buildSettings = {
				ASSETCATALOG_COMPILER_APPICON_NAME = AppIcon;
				CODE_SIGN_STYLE = Automatic;
				DEVELOPMENT_TEAM = Y6J9HAPEME;
				INFOPLIST_FILE = "$(SRCROOT)/Tlend/SupportingFiles/Info.plist";
				IPHONEOS_DEPLOYMENT_TARGET = 11.0;
				LD_RUNPATH_SEARCH_PATHS = (
					"$(inherited)",
					"@executable_path/Frameworks",
				);
				PRODUCT_BUNDLE_IDENTIFIER = com.hyejin.Tlend;
				PRODUCT_NAME = "$(TARGET_NAME)";
				SWIFT_VERSION = 4.2;
				TARGETED_DEVICE_FAMILY = "1,2";
			};
			name = Debug;
		};
		499EDC7D2197E85D0088D7A8 /* Release */ = {
			isa = XCBuildConfiguration;
			baseConfigurationReference = 197B4B4716FDCB2915466B01 /* Pods-Tlend.release.xcconfig */;
			buildSettings = {
				ASSETCATALOG_COMPILER_APPICON_NAME = AppIcon;
				CODE_SIGN_STYLE = Automatic;
				DEVELOPMENT_TEAM = Y6J9HAPEME;
				INFOPLIST_FILE = "$(SRCROOT)/Tlend/SupportingFiles/Info.plist";
				IPHONEOS_DEPLOYMENT_TARGET = 11.0;
				LD_RUNPATH_SEARCH_PATHS = (
					"$(inherited)",
					"@executable_path/Frameworks",
				);
				PRODUCT_BUNDLE_IDENTIFIER = com.hyejin.Tlend;
				PRODUCT_NAME = "$(TARGET_NAME)";
				SWIFT_VERSION = 4.2;
				TARGETED_DEVICE_FAMILY = "1,2";
			};
			name = Release;
		};
/* End XCBuildConfiguration section */

/* Begin XCConfigurationList section */
		499EDC642197E85C0088D7A8 /* Build configuration list for PBXProject "Tlend" */ = {
			isa = XCConfigurationList;
			buildConfigurations = (
				499EDC792197E85D0088D7A8 /* Debug */,
				499EDC7A2197E85D0088D7A8 /* Release */,
			);
			defaultConfigurationIsVisible = 0;
			defaultConfigurationName = Release;
		};
		499EDC7B2197E85D0088D7A8 /* Build configuration list for PBXNativeTarget "Tlend" */ = {
			isa = XCConfigurationList;
			buildConfigurations = (
				499EDC7C2197E85D0088D7A8 /* Debug */,
				499EDC7D2197E85D0088D7A8 /* Release */,
			);
			defaultConfigurationIsVisible = 0;
			defaultConfigurationName = Release;
		};
/* End XCConfigurationList section */
	};
	rootObject = 499EDC612197E85C0088D7A8 /* Project object */;
}
