PODS:
  - Alamofire (4.7.3)
  - KeychainAccess (3.1.2)
  - Kingfisher (4.10.1)
  - SnapKit (4.2.0)
  - XLPagerTabStrip (8.1.0)

DEPENDENCIES:
  - Alamofire
  - KeychainAccess
  - Kingfisher
  - SnapKit
  - XLPagerTabStrip (~> 8.1.0)

SPEC REPOS:
  https://github.com/cocoapods/specs.git:
    - Alamofire
    - KeychainAccess
    - Kingfisher
    - SnapKit
    - XLPagerTabStrip

SPEC CHECKSUMS:
  Alamofire: c7287b6e5d7da964a70935e5db17046b7fde6568
  KeychainAccess: b3816fddcf28aa29d94b10ec305cd52be14c472b
  Kingfisher: c148cd7b47ebde9989f6bc7c27dcaa79d81279a0
  SnapKit: fe8a619752f3f27075cc9a90244d75c6c3f27e2a
  XLPagerTabStrip: 22d4c58200d7c105e0e407ab6bfd01a5d85014be

PODFILE CHECKSUM: 7674f5952a2fc91a9a05f479e1023eb0640669f6

COCOAPODS: 1.5.3
